
Microsoft Visual Studio Solution File, Format Version 12.00
# Visual Studio Version 16
VisualStudioVersion = 16.0.29020.237
MinimumVisualStudioVersion = 10.0.40219.1
Project("{FAE04EC0-301F-11D3-BF4B-00C04F79EFBC}") = "Train.Service", "Train.Service\Train.Service.csproj", "{0DABD8BD-1DB5-43C5-A257-27D007348B37}"
EndProject
Project("{FAE04EC0-301F-11D3-BF4B-00C04F79EFBC}") = "Train.Service.Tests", "Train.Service.Tests\Train.Service.Tests.csproj", "{8DFB4200-EC3A-453D-A14C-A8DA90A6A303}"
EndProject
Project("{FAE04EC0-301F-11D3-BF4B-00C04F79EFBC}") = "Train.Web", "Train.Web\Train.Web.csproj", "{AB33CEAD-1F44-46DF-9C55-237040AF4FB8}"
EndProject
Project("{00D1A9C2-B5F0-4AF3-8072-F6C62B433612}") = "Train.Data.SQL", "Train.Data.SQL\Train.Data.SQL.sqlproj", "{A47DB7A6-7512-46B0-99B2-042AA9866A98}"
EndProject
Global
	GlobalSection(SolutionConfigurationPlatforms) = preSolution
		Debug|Any CPU = Debug|Any CPU
		Release|Any CPU = Release|Any CPU
	EndGlobalSection
	GlobalSection(ProjectConfigurationPlatforms) = postSolution
		{0DABD8BD-1DB5-43C5-A257-27D007348B37}.Debug|Any CPU.ActiveCfg = Debug|Any CPU
		{0DABD8BD-1DB5-43C5-A257-27D007348B37}.Debug|Any CPU.Build.0 = Debug|Any CPU
		{0DABD8BD-1DB5-43C5-A257-27D007348B37}.Release|Any CPU.ActiveCfg = Release|Any CPU
		{0DABD8BD-1DB5-43C5-A257-27D007348B37}.Release|Any CPU.Build.0 = Release|Any CPU
		{8DFB4200-EC3A-453D-A14C-A8DA90A6A303}.Debug|Any CPU.ActiveCfg = Debug|Any CPU
		{8DFB4200-EC3A-453D-A14C-A8DA90A6A303}.Debug|Any CPU.Build.0 = Debug|Any CPU
		{8DFB4200-EC3A-453D-A14C-A8DA90A6A303}.Release|Any CPU.ActiveCfg = Release|Any CPU
		{8DFB4200-EC3A-453D-A14C-A8DA90A6A303}.Release|Any CPU.Build.0 = Release|Any CPU
		{AB33CEAD-1F44-46DF-9C55-237040AF4FB8}.Debug|Any CPU.ActiveCfg = Debug|Any CPU
		{AB33CEAD-1F44-46DF-9C55-237040AF4FB8}.Debug|Any CPU.Build.0 = Debug|Any CPU
		{AB33CEAD-1F44-46DF-9C55-237040AF4FB8}.Release|Any CPU.ActiveCfg = Release|Any CPU
		{AB33CEAD-1F44-46DF-9C55-237040AF4FB8}.Release|Any CPU.Build.0 = Release|Any CPU
		{A47DB7A6-7512-46B0-99B2-042AA9866A98}.Debug|Any CPU.ActiveCfg = Debug|Any CPU
		{A47DB7A6-7512-46B0-99B2-042AA9866A98}.Debug|Any CPU.Build.0 = Debug|Any CPU
		{A47DB7A6-7512-46B0-99B2-042AA9866A98}.Debug|Any CPU.Deploy.0 = Debug|Any CPU
		{A47DB7A6-7512-46B0-99B2-042AA9866A98}.Release|Any CPU.ActiveCfg = Release|Any CPU
		{A47DB7A6-7512-46B0-99B2-042AA9866A98}.Release|Any CPU.Build.0 = Release|Any CPU
		{A47DB7A6-7512-46B0-99B2-042AA9866A98}.Release|Any CPU.Deploy.0 = Release|Any CPU
	EndGlobalSection
	GlobalSection(SolutionProperties) = preSolution
		HideSolutionNode = FALSE
	EndGlobalSection
	GlobalSection(ExtensibilityGlobals) = postSolution
		SolutionGuid = {F169AC50-75DB-43B0-93F7-74735F2EC855}
	EndGlobalSection
EndGlobal
